[[package]]
category = "main"
description = "Abseil Python Common Libraries, see https://github.com/abseil/abseil-py."
name = "absl-py"
optional = false
python-versions = "*"
version = "0.7.1"

[package.dependencies]
six = "*"

[package.source]
reference = "douban"
type = "legacy"
url = "https://pypi.doubanio.com/simple"

[[package]]
category = "main"
description = "Read/rewrite/write Python ASTs"
name = "astor"
optional = false
python-versions = ">=2.7, !=3.0.*, !=3.1.*, !=3.2.*, !=3.3.*"
version = "0.7.1"

[package.source]
reference = "douban"
type = "legacy"
url = "https://pypi.doubanio.com/simple"

[[package]]
category = "main"
description = "Composable style cycles"
name = "cycler"
optional = false
python-versions = "*"
version = "0.10.0"

[package.dependencies]
six = "*"

[package.source]
reference = "douban"
type = "legacy"
url = "https://pypi.doubanio.com/simple"

[[package]]
category = "main"
description = "Dynamic Time Warping (DTW) algorithm with an O(N) time and memory complexity."
name = "fastdtw"
optional = false
python-versions = "*"
version = "0.3.2"

[package.dependencies]
numpy = "*"

[package.source]
reference = "douban"
type = "legacy"
url = "https://pypi.doubanio.com/simple"

[[package]]
category = "main"
description = "Python AST that abstracts the underlying Python version"
name = "gast"
optional = false
python-versions = ">=2.7, !=3.0.*, !=3.1.*, !=3.2.*, !=3.3.*"
version = "0.2.2"

[package.source]
reference = "douban"
type = "legacy"
url = "https://pypi.doubanio.com/simple"

[[package]]
category = "main"
description = "HTTP/2-based RPC framework"
name = "grpcio"
optional = false
python-versions = "*"
version = "1.20.1"

[package.dependencies]
six = ">=1.5.2"

[package.source]
reference = "douban"
type = "legacy"
url = "https://pypi.doubanio.com/simple"

[[package]]
category = "main"
description = "Read and write HDF5 files from Python"
name = "h5py"
optional = false
python-versions = "*"
version = "2.9.0"

[package.dependencies]
numpy = ">=1.7"
six = "*"

[package.source]
reference = "douban"
type = "legacy"
url = "https://pypi.doubanio.com/simple"

[[package]]
category = "main"
description = "Deep Learning for humans"
name = "keras"
optional = false
python-versions = "*"
version = "2.2.4"

[package.dependencies]
h5py = "*"
keras-applications = ">=1.0.6"
keras-preprocessing = ">=1.0.5"
numpy = ">=1.9.1"
pyyaml = "*"
scipy = ">=0.14"
six = ">=1.9.0"

[package.source]
reference = "douban"
type = "legacy"
url = "https://pypi.doubanio.com/simple"

[[package]]
category = "main"
description = "Reference implementations of popular deep learning models"
name = "keras-applications"
optional = false
python-versions = "*"
version = "1.0.7"

[package.dependencies]
h5py = "*"
numpy = ">=1.9.1"

[package.source]
reference = "douban"
type = "legacy"
url = "https://pypi.doubanio.com/simple"

[[package]]
category = "main"
description = "Easy data preprocessing and data augmentation for deep learning models"
name = "keras-preprocessing"
optional = false
python-versions = "*"
version = "1.0.9"

[package.dependencies]
numpy = ">=1.9.1"
six = ">=1.9.0"

[package.source]
reference = "douban"
type = "legacy"
url = "https://pypi.doubanio.com/simple"

[[package]]
category = "main"
description = "A fast implementation of the Cassowary constraint solver"
name = "kiwisolver"
optional = false
python-versions = ">=2.7, !=3.0.*, !=3.1.*, !=3.2.*, !=3.3.*"
version = "1.1.0"

[package.dependencies]
setuptools = "*"

[package.source]
reference = "douban"
type = "legacy"
url = "https://pypi.doubanio.com/simple"

[[package]]
category = "main"
description = "Python implementation of Markdown."
name = "markdown"
optional = false
python-versions = ">=2.7,!=3.0.*,!=3.1.*,!=3.2.*,!=3.3.*,!=3.4.*"
version = "3.1"

[package.dependencies]
setuptools = ">=36"

[package.source]
reference = "douban"
type = "legacy"
url = "https://pypi.doubanio.com/simple"

[[package]]
category = "main"
description = "Python plotting package"
name = "matplotlib"
optional = false
python-versions = ">=3.5"
version = "3.0.3"

[package.dependencies]
cycler = ">=0.10"
kiwisolver = ">=1.0.1"
numpy = ">=1.10.0"
pyparsing = ">=2.0.1,<2.0.4 || >2.0.4,<2.1.2 || >2.1.2,<2.1.6 || >2.1.6"
python-dateutil = ">=2.1"

[package.source]
reference = "douban"
type = "legacy"
url = "https://pypi.doubanio.com/simple"

[[package]]
category = "main"
description = "Rolling backport of unittest.mock for all Pythons"
name = "mock"
optional = false
python-versions = ">=2.7, !=3.0.*, !=3.1.*, !=3.2.*, !=3.3.*"
version = "3.0.5"

[package.dependencies]
six = "*"

[package.source]
reference = "douban"
type = "legacy"
url = "https://pypi.doubanio.com/simple"

[[package]]
category = "main"
description = "NumPy is the fundamental package for array computing with Python."
name = "numpy"
optional = false
python-versions = ">=2.7,!=3.0.*,!=3.1.*,!=3.2.*,!=3.3.*"
version = "1.16.3"

[package.source]
reference = "douban"
type = "legacy"
url = "https://pypi.doubanio.com/simple"

[[package]]
category = "main"
description = "Wrapper package for OpenCV python bindings."
name = "opencv-python"
optional = false
python-versions = "*"
version = "4.1.0.25"

[package.dependencies]
numpy = ">=1.11.1"

[package.source]
reference = "douban"
type = "legacy"
url = "https://pypi.doubanio.com/simple"

[[package]]
category = "main"
description = "Python Imaging Library (Fork)"
name = "pillow"
optional = false
python-versions = "*"
version = "6.0.0"

[package.source]
reference = "douban"
type = "legacy"
url = "https://pypi.doubanio.com/simple"

[[package]]
category = "main"
description = "Protocol Buffers"
name = "protobuf"
optional = false
python-versions = "*"
version = "3.7.1"

[package.dependencies]
setuptools = "*"
six = ">=1.9"

[package.source]
reference = "douban"
type = "legacy"
url = "https://pypi.doubanio.com/simple"

[[package]]
category = "main"
description = "Python parsing module"
name = "pyparsing"
optional = false
python-versions = ">=2.6, !=3.0.*, !=3.1.*, !=3.2.*"
version = "2.4.0"

[package.source]
reference = "douban"
type = "legacy"
url = "https://pypi.doubanio.com/simple"

[[package]]
category = "main"
description = "GUI SDK Launched in 2018 Actively developed and supported. Super-simple to create custom GUI's.  Python 2.7 & 3 Support. 100 Demo programs & Cookbook for rapid start. Extensive documentation. Examples using Machine Learning(GUI, OpenCV Integration,  Chatterbot), Rainmeter Style Floating Desktop Widgets, Matplotlib + Pyplot integration, add GUI to command line scripts, PDF & Image Viewer. Great for beginners as well as advanced GUI programmers"
name = "pysimplegui"
optional = false
python-versions = "*"
version = "3.29.0"

[package.source]
reference = "douban"
type = "legacy"
url = "https://pypi.doubanio.com/simple"

[[package]]
category = "main"
description = "Extensions to the standard Python datetime module"
name = "python-dateutil"
optional = false
python-versions = ">=2.7, !=3.0.*, !=3.1.*, !=3.2.*"
version = "2.8.0"

[package.dependencies]
six = ">=1.5"

[package.source]
reference = "douban"
type = "legacy"
url = "https://pypi.doubanio.com/simple"

[[package]]
category = "main"
description = "A package that simplifies USB/HID communications on windows"
name = "pywinusb"
optional = false
python-versions = "*"
version = "0.4.2"

[package.source]
reference = "douban"
type = "legacy"
url = "https://pypi.doubanio.com/simple"

[[package]]
category = "main"
description = "YAML parser and emitter for Python"
name = "pyyaml"
optional = false
python-versions = ">=2.7, !=3.0.*, !=3.1.*, !=3.2.*, !=3.3.*"
version = "5.1"

[package.source]
reference = "douban"
type = "legacy"
url = "https://pypi.doubanio.com/simple"

[[package]]
category = "main"
description = "SciPy: Scientific Library for Python"
name = "scipy"
optional = false
python-versions = ">=2.7,!=3.0.*,!=3.1.*,!=3.2.*,!=3.3.*"
version = "1.2.1"

[package.source]
reference = "douban"
type = "legacy"
url = "https://pypi.doubanio.com/simple"

[[package]]
category = "main"
description = "Python 2 and 3 compatibility utilities"
name = "six"
optional = false
python-versions = ">=2.6, !=3.0.*, !=3.1.*"
version = "1.12.0"

[package.source]
reference = "douban"
type = "legacy"
url = "https://pypi.doubanio.com/simple"

[[package]]
category = "main"
description = "TensorBoard lets you watch Tensors Flow"
name = "tensorboard"
optional = false
python-versions = ">= 2.7, != 3.0.*, != 3.1.*"
version = "1.13.1"

[package.dependencies]
absl-py = ">=0.4"
grpcio = ">=1.6.3"
markdown = ">=2.6.8"
numpy = ">=1.12.0"
protobuf = ">=3.6.0"
six = ">=1.10.0"
werkzeug = ">=0.11.15"

[package.dependencies.wheel]
python = ">=3"
version = ">=0.26"

[package.source]
reference = "douban"
type = "legacy"
url = "https://pypi.doubanio.com/simple"

[[package]]
category = "main"
description = "TensorFlow is an open source machine learning framework for everyone."
name = "tensorflow"
optional = false
python-versions = "*"
version = "1.13.1"

[package.dependencies]
absl-py = ">=0.1.6"
astor = ">=0.6.0"
gast = ">=0.2.0"
grpcio = ">=1.8.6"
keras-applications = ">=1.0.6"
keras-preprocessing = ">=1.0.5"
numpy = ">=1.13.3"
protobuf = ">=3.6.1"
six = ">=1.10.0"
tensorboard = ">=1.13.0,<1.14.0"
tensorflow-estimator = ">=1.13.0,<1.14.0rc0"
termcolor = ">=1.1.0"
wheel = ">=0.26"

[package.source]
reference = "douban"
type = "legacy"
url = "https://pypi.doubanio.com/simple"

[[package]]
category = "main"
description = "TensorFlow Estimator."
name = "tensorflow-estimator"
optional = false
python-versions = "*"
version = "1.13.0"

[package.dependencies]
absl-py = ">=0.1.6"
mock = ">=2.0.0"
numpy = ">=1.13.3"
six = ">=1.10.0"

[package.source]
reference = "douban"
type = "legacy"
url = "https://pypi.doubanio.com/simple"

[[package]]
category = "main"
description = "ANSII Color formatting for output in terminal."
name = "termcolor"
optional = false
python-versions = "*"
version = "1.1.0"

[package.source]
reference = "douban"
type = "legacy"
url = "https://pypi.doubanio.com/simple"

[[package]]
category = "main"
description = "The comprehensive WSGI web application library."
name = "werkzeug"
optional = false
python-versions = ">=2.7, !=3.0.*, !=3.1.*, !=3.2.*, !=3.3.*"
version = "0.15.2"

[package.source]
reference = "douban"
type = "legacy"
url = "https://pypi.doubanio.com/simple"

[[package]]
category = "main"
description = "A built-package format for Python."
name = "wheel"
optional = false
python-versions = ">=2.7, !=3.0.*, !=3.1.*, !=3.2.*, !=3.3.*"
version = "0.33.4"

[package.source]
reference = "douban"
type = "legacy"
url = "https://pypi.doubanio.com/simple"

[[package]]
category = "main"
description = "A formatter for Python code."
name = "yapf"
optional = false
python-versions = "*"
version = "0.27.0"

[package.source]
reference = "douban"
type = "legacy"
url = "https://pypi.doubanio.com/simple"

[metadata]
content-hash = "35651a9cea00f000f77875af00de68d244e302ab3d15117614e26208e4188643"
python-versions = "^3.6"

[metadata.hashes]
absl-py = ["md5:eb69acd0df165304210cb29481b74f9e"]
astor = ["md5:5b2dd20c4834cd0a8e60e0aa1f6a2fbe", "md5:6bcfef07addfafa89f4f2a2ff0f6ff54"]
cycler = ["md5:2820ec00c7dd68487bde1a7cdb165904", "md5:4cb42917ac5007d1cdff6cccfe2d016b"]
fastdtw = ["md5:63d55d14dbc4a40d2d1ceecb756d0ee4"]
gast = ["md5:22037d68816cd9da3eb84ffd904b9b14"]
grpcio = ["md5:054c2d79a1166117279d87de1afeee7f", "md5:148a025a788c4543b026fae5a4d4aa7f", "md5:15be666aa587e177627ab0ee8979e077", "md5:1d52bf3c07ed59bea0642bbe2d5fa35b", "md5:35c9f7778471745be5670434d9f1a903", "md5:365b3426a77ee5e09f11bdfcf341bdfd", "md5:3f8e18889637c8b5f5655cf53d68e091", "md5:41feda3b8f4e03f050654a848f821dac", "md5:4c7c203c00a2355fc81af62a57f478f7", "md5:4e367b51cccf487ae2be7852f9273484", "md5:570b415189a4c54d5b4bdc4ba0220aba", "md5:60318d50056258ae8ce80f6e75d459a7", "md5:693694c62f6ad447279fa57ee434fe8c", "md5:69a490ffa9051084dc8920d07cfce4c9", "md5:6cacbde567e935e6152803552b96811a", "md5:75310df4b60dcc127fbf8b6763b8276a", "md5:7bc3efeab7140ee4eb85ac04c1e45928", "md5:7fb2a077284886b8c6ba868b5ebd1579", "md5:8804a5635dad5000b96abbf78511f1a5", "md5:a6384ab18c1ecd691a62ede392b28586", "md5:aabac88d1c6b066413882ef47d008415", "md5:b1319da98d118145a21f7837b81184b5", "md5:b61c610763567f2601fac8a8a1243477", "md5:bb0f61be79ecb8aee346159318890b36", "md5:c9b3dc60ca0d1730287bf0039b69c852", "md5:d1196505efef70edbbf5d7433dbbd63c", "md5:e25b5818ced055412668249a38aee484", "md5:e26168643dcde790b5a0125dacdf2289", "md5:e30dce00df00ff33bf2d0eb440998299", "md5:e64bff0c1fc1bc860fcccf4add1acc46", "md5:e7dd5b6157623400055c6835fdf56fbe", "md5:ed173e444572043fdadca91746e3871e"]
h5py = ["md5:07efcf01d5d566731ad6c5afd98f08f6", "md5:1ed04ab371a5f0dfecddfa6b1696727f", "md5:2574f027e02f481916f520de18ed8989", "md5:2aefcac6c080ce98bc07f21347954a9e", "md5:339fc37586a288571ccbba9569519736", "md5:4f98d7389808803674e53531d8853582", "md5:51503dc2eb296b5127a84cc4c1e9869d", "md5:51ed350ef50874f1d84a4c9fda96c892", "md5:58986d5d4aac441941904156d909bbae", "md5:72bddfa94cab97ec865f0587dcb6f835", "md5:7c9333783df75d9ce68019a1dcdc1359", "md5:7f9810a675c209f4e276da2117c350f8", "md5:80d0373bc83ee5d9bc4ef36514d01831", "md5:8b30be3a684d4aa6d1f78d28d5e79ccd", "md5:8b564552beab7557bbd20e978b8eece8", "md5:a2d3a02c47bf42548a61886faa0c9e88", "md5:a90b1fd661c368cf9fedb7c35b5a9f3a", "md5:b4cfb65a8dc5cd19f5629979a41baa1f", "md5:b6a9fe4bf68d526c243cfb3954c91c53", "md5:c7304e794c8e80b15e913475f7e37779", "md5:d5cdd7248398d8f66119b27171ebf4e1", "md5:d886bf3b9c7438f0e86af56d2826557e", "md5:e7d949f8c1b78a1c09dd1440346a460f", "md5:ef0cb293b420b0c4b4eb573121709acd", "md5:f409709a981c390587130b342cff348e", "md5:f7a58402b6260c253b51f8b158cb521b", "md5:f911089795f6d69150652dbf92ffd628", "md5:fb7747e57f6f02ca02ceb176f280a191"]
keras = ["md5:39c55e5e9d2da60ccb2387517d9b0f62", "md5:bd92aafa85de6ae7574b080d65bb1d93"]
keras-applications = ["md5:439e161359d835d42036de7a596601f2", "md5:803fce9b4289ea3ce8973b649b733b51"]
keras-preprocessing = ["md5:4b561f26d176045ce2f14dd2f5eb7b55", "md5:e9faba00f08f45de4bbda22a4b425cc3"]
kiwisolver = ["md5:0d312de2edb8ef818d2d0e55d34818f6", "md5:11bdd3c9474004d5f1cbfb6e81a19095", "md5:1372053abb60dd7cbdc713a5e1cce1c9", "md5:2a767738191f17dd40f14ae7177be0c1", "md5:2fa84898e84cc5626b0c706532aec848", "md5:33e70c46552a848093418a2ddeee2713", "md5:58bc47440ff38d22c3d90a56086aa7ad", "md5:5defccf4afb1359fba280c230383a0ec", "md5:788a62bf8fef2afb4172014632cae0a7", "md5:8921cacf8d5d1f02da958d9da03d95a9", "md5:90bb7018af8d9b2af196e67855991909", "md5:91223684a6a14e51672528491587617b", "md5:979c4f6cc7a36fc8ce60360bf111ded8", "md5:9f7e50957e46c8f04bdb3c5d313a9151", "md5:a21c4a23cdd6d87fae00e110a2392382", "md5:a4d1b0c3fcb7ed80a1dd5677fca97eda", "md5:a65d78042a0ca923b4a448c2398f8d53", "md5:a76b831b1910f99c63a37899282c2bc2", "md5:aadf2f4bf111a2859729fffceda811d5", "md5:b26c4c7558d24f70f3a30122034b1181", "md5:bad68e7d0adb58f6f7f24197bf138437", "md5:bbdb9487c6b763c5c1fbb6e8197ce825", "md5:e0984ca8dec72e6847ac7c79325bb45f", "md5:eb28076767a96888d1ba702fd308f46e", "md5:f342423ab1aa96739cd57cafa398e8d2", "md5:fc8a614367f7ba0d34a02fd08c535afc", "md5:fcf1133bfe1c52f599d5f35809356bfe", "md5:fef5fa85ffc138f61bf2467a2b1622dd"]
markdown = ["md5:3088dc39d4cb1b8284f185dce56d252f", "md5:ef00dbf71b44d60a8e75b0315eaf6944"]
matplotlib = ["md5:0edc85d85d6722b82c7c04d2904404c1", "md5:15a82c9e06bd30ebb213c4f0015d4f1a", "md5:2088d7c24cf00b7230d6921a16eb6b06", "md5:261d9af512215c0ca7c28dd62d012674", "md5:2d399c30b05e16e1733c033a1952e133", "md5:32c3440443deb7c3a4d38fa2c001e815", "md5:344200ee6a13d10a04b07539d33e0dc9", "md5:48979d3a173f6b19b58b597788b1f6c6", "md5:4eb26dd936b36991ab00f332cd25b572", "md5:5e8c690420499a6c170b2dbb1a091940", "md5:6b8a3d1077cb6b820895a4ed5a470de3", "md5:cc5ab58aab55f3679297321569f92c7c", "md5:ee65cc9da672aec975f0099bf62db629"]
mock = ["md5:0b273f0d265660e78e96b739c6a813b4", "md5:d834a46d9a129be3e76fdcc99751e82c"]
numpy = ["md5:00594b150e69d1776164ffa60d7fdc01", "md5:1854757b3e127614ae01b0b814762f5c", "md5:370ec58a5fdfe9e7ffe90857577806c6", "md5:453f5996ac600c4085656e82005fb0e5", "md5:4e907ac7d841018c0a9130ca45d099ee", "md5:7039dd60e2066e8882149a8b8bd6cf2f", "md5:773f9e76235ab5edd9ef1c083e62ea9f", "md5:7add5c07a1679bfc086d5575be26ccc6", "md5:88c1e91c6bd3626278b7938f12cafbe2", "md5:91900b9172e39c039326c56cf0149e15", "md5:93a2a4b48f160ffd1bdd30023b842be2", "md5:98fb024d8d63f056ef7c82e772c4bfa0", "md5:9ba2467b05eb4471817509cabff1b9a6", "md5:b06d87509a2228c5952096cb11c8b007", "md5:b23b0727562be62ffd943c7828822da9", "md5:bd3c27deac470bce5edf6936d08966b8", "md5:c03c7365b58deefd03e3c080660d7157", "md5:c6ab529b105181fc846a8245e5e4d048", "md5:c7e8e9f9ded13b1356e72cd8506df224", "md5:cab84884fba39fbd352550896bf22bfd", "md5:d2b8da12f0855765e9cd3cc49d9885b9", "md5:ec4f2fd2180fd68647f38a0d4c331dcf", "md5:fe3421cbae83004e7feca4d90043e9df"]
opencv-python = ["md5:032f56a8d99f6fd3cc1369a94988ad5b", "md5:1234dafb2878052477ba4f6b0ace66fb", "md5:2340ad0a51b515bfc35c256023773200", "md5:270a5889655e9f8fd5be27acd0c57f05", "md5:383a05bce747afefa65b6e2566a988ea", "md5:43ed158a460fac08ee19173cfd432f8d", "md5:59691ce1092f82c767091d216f68225e", "md5:62b072fb6a3a8f98694a43501f2fa9cd", "md5:759e0554aba5ffa1cbbd573b3da892d8", "md5:7aed5545cb73e30e454c734009fca467", "md5:8fa0c52af1c6a51cc3280c36bf013e1b", "md5:914a1877777cd02b305426069d3fe619", "md5:96909b4bd9fe8ce77c2e1fefce61632e", "md5:99963087256c17202e5f0ceda7c22962", "md5:99d0db42a2f044cd6028c21bd50f1d83", "md5:a1a9c2bfced5a5e3251ccecf55309d9f", "md5:a3523843e5a28c32def3de615910e3db", "md5:a72503488c2af9ecafdaabdd362a3051", "md5:acc72c9425cdc2f823d5d7c39e1d4fdd", "md5:ad8147bdf1ab8c6c15092e73e90d4dd2", "md5:b11b705aedc46a571ce5512af410daa0", "md5:b47cde6617f9a09ca7d48e25d7a22e55", "md5:ca2b08552ea4ccf1db117226930576b4", "md5:db872af459811a47a0e5eea1c720271a", "md5:e3a204b607fe998afc528a2cd6bdd695", "md5:e700c676e5126a42133a90450128dc91", "md5:fd4be9636462e151db558e0f3bba2c46"]
pillow = ["md5:044049b724596fe62025c71b6b1c88a6", "md5:1a4f6f39dfbefda746780c6c8e982040", "md5:24d722b78b2a73ea2d170a731fe1eb9f", "md5:30a3758316719295caeb63367f030fde", "md5:3476d551507d2ec80c99b47af2c5f4a8", "md5:73e35f0f33bd05410215e81cf04c967e", "md5:771e33129787a7d2c03aa8ea0067e757", "md5:7902678b3ba470e06d61114ef25997e5", "md5:7b2e26fb676ef02ca5ccc83e51316f1b", "md5:910bd2521bcbb70fbf601ed68115516a", "md5:941fc9caf9865068e2afdae7cebe2ebc", "md5:9c50e7182b01458b9d649be4953f8648", "md5:9da5d2db0d7604ba553ece1ab7ca53a3", "md5:a7ba8b2604375425fa5ae9601d0b18fc", "md5:b936161097012a661d83b0524e42cec0", "md5:c358af4427350e9d8de31f3bf15aa1d7", "md5:c614130fde7338ef3f089009b29f290b", "md5:c630606d82d542c6ceae9810d2455f47", "md5:c73a645fb7f6340bb630cf351695ac89", "md5:c76f43cdab16712c498631076bc07136", "md5:cbc5756ea1d6a826f7645d4ae0b4e44c", "md5:d074036ec27e2ae3cee20adf99f9aebe", "md5:e426e5f06527e1b194cc3ca9b2ec5def", "md5:e59c6463f75ec48274d60054775a4559", "md5:f21112bf577aa0dfb0f0c713e16e76c7", "md5:fb573595113dce69b2b1a3d8839be066"]
protobuf = ["md5:00387ecc1e71c0b21c9b0c1c2240971a", "md5:01cf56dbc2b2fc1a8ed61b1c36943553", "md5:03cfc9578b446ccb293aa96b31ca1ca9", "md5:1165e092a4a20597c39a29a4007fad71", "md5:1b04b4e00bd8421cfd1591f49b032d6a", "md5:1f076154b09417062a979df64cbd2f80", "md5:2a2d3da76c0c71a558c759bc6fa0168d", "md5:2f76489a885264e7ac52ff267fe36a7c", "md5:4b8a70b666484ccb2085af328b994ae4", "md5:627f17d7199257139897d0217a588509", "md5:7bb9a6983a226d96dd580174bef11ac1", "md5:a0905bc70cc3b2efa81fc4b8fc4866e6", "md5:a93e5e69c20ddf0d7bea56690747434d", "md5:ba4a1e4e0e881bdff007932b616309ef", "md5:c2cd2bda1bec1201025b6ab955de4aca", "md5:d3be6ebec786255c36023e23dbd9d26a", "md5:e995c85d8721411db5dde9b1a3d3915d", "md5:ec185a80cb9300328418a0457ff5a4c9"]
pyparsing = ["md5:0a90ca524ce3ba201be4b80e21ae7c3b", "md5:e534c0ca755155823bf45fdd8d084922"]
pysimplegui = ["md5:9282a6adadaf88a1529903883ff61725", "md5:e169c8a3001c73b394f85fda0850cb93"]
python-dateutil = ["md5:33bfcff39e89f7c1c26a6bd9af54901c", "md5:354db28843d949f1bc3e49e8458e22df"]
pywinusb = ["md5:89effe9a46f9a8641993a9de2fb5fb5d"]
pyyaml = ["md5:0b7e76d06b4dc17e48e7e395aa609ecc", "md5:193b162c597796a29bad3b2f5b4f514b", "md5:1fa07df3251ab548fb49b3bec71d29fc", "md5:3b07eb596071bac75c886129de881d22", "md5:609821d6b526623cedaf8176b295b276", "md5:63614eec400c7bc2bf04e0b0a246b9e5", "md5:8de9d396c85f4d516c09afd60e48bb52", "md5:90f43037837dfb881165a843d5c30aea", "md5:a5b0eb59e136d9ae8d5eed313c82565f", "md5:c08d3d08e8772b477b140312e3c05778", "md5:d58fc84a007f476d6c78c47734da85f1"]
scipy = ["md5:0cd66785fd9f8390494f42beb499f56a", "md5:21b29788cd2c037366d2ff5d54ae7517", "md5:23424815af8e69f945bb406a0c1be6c6", "md5:26264ebb568728065e3ef73b5419793a", "md5:27142bff898a18368032165c27c11466", "md5:379d37ae932af2096e037b4defd4cf60", "md5:3b5e8eb89a49fb7bc506cf17a54b926b", "md5:489fd885aefd07bded69a8e0452c16b0", "md5:5069317ab38e3dfbb8923341c2b23a69", "md5:5dd4c47c501c96dc0c20b72521058133", "md5:6fa013443295e55c96eb174578dcffee", "md5:7b7ae846b70e60188b3d772e9d60d3d2", "md5:84ef33013d9871f23db0ecad25552636", "md5:8e6a1fd1354428074d8457fe46cd4f7c", "md5:8faae90250009230cd2f7845ba4735f2", "md5:9500cad49b7eac9786c90cba146ad357", "md5:982810997da9daab2e512a6c27918889", "md5:a28a93cb20987666f788d43c50e2ab79", "md5:b5a5b9b146bac064a7921c5121d5e19c", "md5:c0692c60b4baaafd99fb2bf0c689bbf1", "md5:cc248fd969b11589d98bcb550330e08d", "md5:e11ce933d012481ea27fe49314b606aa", "md5:f1823b26b2afda2027f78df427791700", "md5:f82cf6834e4e2a2e4008fec5da2f4b0b", "md5:fbb79da3d5823ba0f23b0f8d50023bfd", "md5:fd637f4dc4308ae9cf7655e3e5f3a27d", "md5:fe88877767563e50078df86dadf7b1f4", "md5:fe9ba7f16e0e7f7c9cd59d39ea8e9545"]
six = ["md5:9ae5d1feed8c0215f4ae4adcd9207fcb", "md5:b0dc15d494e2d6e6c19cbbe482e91c5d"]
tensorboard = ["md5:7ade565cfebea521b71285a9869a76fe", "md5:e22c89c66ab3acf183ee015b2acc0821"]
tensorflow = ["md5:0dca2b572f2cfb33ebb64ccfdb889ea3", "md5:14ea381ad494a673322b4ce3c58b5447", "md5:20cfb48ae87bbd8c613f3158ee903ce4", "md5:23c52fe1334af9d6f725c78bf30c47b7", "md5:252f2cc3e3a2d9f5c1f18131678f013f", "md5:444b81f4726b20f44e31ab0824d8bf16", "md5:4e4853d60d6c8bf68fca1f050973edda", "md5:625162ae035bfeb116d6682cbefd182c", "md5:a5aaf8923e60076218dd3f0f1d42286d", "md5:b86de7dad45003e3599a1430b00492bd", "md5:c2e196fd439e5cb011c436df7b50ae77", "md5:c6b5e03e7f16c5916dc38a7408be9f8c", "md5:d1678b7140ebe912202bb7b31b15afad", "md5:ea1890d0e58ff47d6735cf90f4d8626a", "md5:fcb2edc820be3f82b675cf6925f3a2b1"]
tensorflow-estimator = ["md5:6c79f2365a947cb0b2800386ea96983b"]
termcolor = ["md5:043e89644f8909d462fbbfa511c768df"]
werkzeug = ["md5:7c02923f7d898844079f12e28e32e3f8", "md5:8bd56c066512c7ebcb08ced932618b2f"]
wheel = ["md5:197d7aeff764238f757d222bd39605b5", "md5:5bad0479ddf8d4dbfad212724a7b1f71"]
yapf = ["md5:7fc94c0621deb881b793b51be1867aaa", "md5:ba6600ab14b540bc6c50b56d7aba08c0"]
